{
  "object": {
    "pins": [
      {
        "package": "AsyncOperationResult",
        "repositoryURL": "https://github.com/happn-tech/AsyncOperationResult.git",
        "state": {
          "branch": null,
          "revision": "cf6a617364267bedc334a9e61cf1f7efd7c0e0b4",
          "version": "1.0.5"
        }
      },
      {
        "package": "CollectionLoader",
        "repositoryURL": "https://github.com/happn-tech/CollectionLoader.git",
        "state": {
          "branch": null,
          "revision": "295889cfcf3e57544e1ebeeeed6213a5635692e0",
          "version": "0.9.4"
        }
      },
      {
        "package": "KVObserver",
        "repositoryURL": "https://github.com/happn-tech/KVObserver.git",
        "state": {
          "branch": null,
          "revision": "3a8bd558a72c9ab393f94a6f947307e8d01c8c9e",
          "version": "0.9.4"
        }
      }
    ]
  },
  "version": 1
}
